
Microsoft Visual Studio Solution File, Format Version 12.00
# Visual Studio Version 17
VisualStudioVersion = 17.3.32825.248
MinimumVisualStudioVersion = 10.0.40219.1
Project("{FAE04EC0-301F-11D3-BF4B-00C04F79EFBC}") = "AireLogicLyricTestDanielTimms", "AireLogicLyricTestDanielTimms\AireLogicLyricTestDanielTimms.csproj", "{9EA2F447-65A7-4662-87C1-54FEC85D816E}"
EndProject
Global
	GlobalSection(SolutionConfigurationPlatforms) = preSolution
		Debug|Any CPU = Debug|Any CPU
		Release|Any CPU = Release|Any CPU
	EndGlobalSection
	GlobalSection(ProjectConfigurationPlatforms) = postSolution
		{9EA2F447-65A7-4662-87C1-54FEC85D816E}.Debug|Any CPU.ActiveCfg = Debug|Any CPU
		{9EA2F447-65A7-4662-87C1-54FEC85D816E}.Debug|Any CPU.Build.0 = Debug|Any CPU
		{9EA2F447-65A7-4662-87C1-54FEC85D816E}.Release|Any CPU.ActiveCfg = Release|Any CPU
		{9EA2F447-65A7-4662-87C1-54FEC85D816E}.Release|Any CPU.Build.0 = Release|Any CPU
	EndGlobalSection
	GlobalSection(SolutionProperties) = preSolution
		HideSolutionNode = FALSE
	EndGlobalSection
	GlobalSection(ExtensibilityGlobals) = postSolution
		SolutionGuid = {DDEFD4F3-7FA3-428B-9A92-8D6DF3EA4581}
	EndGlobalSection
EndGlobal
