
Microsoft Visual Studio Solution File, Format Version 12.00
# Visual Studio Version 16
VisualStudioVersion = 16.0.810.9
MinimumVisualStudioVersion = 10.0.40219.1
Project("{FAE04EC0-301F-11D3-BF4B-00C04F79EFBC}") = "AireLogicTest", "AireLogicTest\AireLogicTest.csproj", "{353816FE-D352-472C-ADBA-321A43E0DE19}"
EndProject
Global
	GlobalSection(SolutionConfigurationPlatforms) = preSolution
		Debug|Any CPU = Debug|Any CPU
		Release|Any CPU = Release|Any CPU
	EndGlobalSection
	GlobalSection(ProjectConfigurationPlatforms) = postSolution
		{353816FE-D352-472C-ADBA-321A43E0DE19}.Debug|Any CPU.ActiveCfg = Debug|Any CPU
		{353816FE-D352-472C-ADBA-321A43E0DE19}.Debug|Any CPU.Build.0 = Debug|Any CPU
		{353816FE-D352-472C-ADBA-321A43E0DE19}.Release|Any CPU.ActiveCfg = Release|Any CPU
		{353816FE-D352-472C-ADBA-321A43E0DE19}.Release|Any CPU.Build.0 = Release|Any CPU
	EndGlobalSection
	GlobalSection(SolutionProperties) = preSolution
		HideSolutionNode = FALSE
	EndGlobalSection
	GlobalSection(ExtensibilityGlobals) = postSolution
		SolutionGuid = {29468DE6-49BC-496A-8970-D28E448EBE1E}
	EndGlobalSection
EndGlobal
